
Microsoft Visual Studio Solution File, Format Version 12.00
# Visual Studio Version 17
VisualStudioVersion = 17.2.32526.322
MinimumVisualStudioVersion = 10.0.40219.1
Project("{2150E333-8FDC-42A3-9474-1A3956D46DE8}") = "src", "src", "{2CA4F8BA-0295-4EDA-8151-713AF3321CA5}"
EndProject
Project("{2150E333-8FDC-42A3-9474-1A3956D46DE8}") = "Build Blocks", "Build Blocks", "{114E98C6-9559-4193-8E24-955115B40681}"
EndProject
Project("{2150E333-8FDC-42A3-9474-1A3956D46DE8}") = "Services", "Services", "{9F78A8B7-F557-42DD-8694-B5E2DFE5DE03}"
EndProject
Project("{2150E333-8FDC-42A3-9474-1A3956D46DE8}") = "Web", "Web", "{AD34E3A9-C4F4-4E65-8758-9C3EA7C149F9}"
EndProject
Project("{2150E333-8FDC-42A3-9474-1A3956D46DE8}") = "Identidade", "Identidade", "{44965033-4F17-4453-9D48-E75B390428AE}"
EndProject
Project("{9A19103F-16F7-4668-BE54-9A1E7A4F7556}") = "NSE.Identidade.API", "src\Services\NSE.Identidade.API\NSE.Identidade.API.csproj", "{318B41C3-87F6-41BA-B3B1-7473863147FE}"
	ProjectSection(ProjectDependencies) = postProject
		{FDC1C15F-FCE9-42E4-A04D-24A948F37B64} = {FDC1C15F-FCE9-42E4-A04D-24A948F37B64}
	EndProjectSection
EndProject
Project("{2150E333-8FDC-42A3-9474-1A3956D46DE8}") = "MVC", "MVC", "{24CD4297-83B2-4E19-8DFE-46AA73B3DC5C}"
EndProject
Project("{9A19103F-16F7-4668-BE54-9A1E7A4F7556}") = "NSE.WebApp.MVC", "src\Web\NSE.WebApp.MVC\NSE.WebApp.MVC.csproj", "{15465649-CF35-43AC-9171-A8FED10C6D70}"
EndProject
Project("{2150E333-8FDC-42A3-9474-1A3956D46DE8}") = "Core", "Core", "{C86EBA79-3EAE-4328-9B12-BA449A95EF72}"
EndProject
Project("{9A19103F-16F7-4668-BE54-9A1E7A4F7556}") = "NSE.Core", "src\Building Blocks\NSE.Core\NSE.Core.csproj", "{07523118-B7D7-440C-B033-934B2A33F5DB}"
EndProject
Project("{2150E333-8FDC-42A3-9474-1A3956D46DE8}") = "Pedidos", "Pedidos", "{94FFBC59-D809-4AE6-B5A7-03D974D52580}"
EndProject
Project("{2150E333-8FDC-42A3-9474-1A3956D46DE8}") = "Cliente", "Cliente", "{1D0E39CA-69A7-49D1-AF3D-CD1D086E4DF9}"
EndProject
Project("{2150E333-8FDC-42A3-9474-1A3956D46DE8}") = "Carrinho", "Carrinho", "{0D130922-0AF9-4954-84FD-622FB29892A8}"
EndProject
Project("{2150E333-8FDC-42A3-9474-1A3956D46DE8}") = "Catalogo", "Catalogo", "{94B05283-1525-4583-A39A-F51F601AB3D5}"
EndProject
Project("{2150E333-8FDC-42A3-9474-1A3956D46DE8}") = "Pagamento", "Pagamento", "{05DD3801-2A48-4796-B102-DC80D7215B9F}"
EndProject
Project("{9A19103F-16F7-4668-BE54-9A1E7A4F7556}") = "NSE.Carrinho.API", "src\Services\NSE.Carrinho.API\NSE.Carrinho.API.csproj", "{8BE2C6E6-0D96-4B3A-BEA0-605918480343}"
EndProject
Project("{9A19103F-16F7-4668-BE54-9A1E7A4F7556}") = "NSE.Catalogo.API", "src\Services\NSE.Catalogo.API\NSE.Catalogo.API.csproj", "{9DFF647B-A175-4528-ADD6-6D05998C6048}"
	ProjectSection(ProjectDependencies) = postProject
		{07523118-B7D7-440C-B033-934B2A33F5DB} = {07523118-B7D7-440C-B033-934B2A33F5DB}
	EndProjectSection
EndProject
Project("{9A19103F-16F7-4668-BE54-9A1E7A4F7556}") = "NSE.Cliente.API", "src\Services\NSE.Cliente.API\NSE.Cliente.API.csproj", "{C4FFA549-B558-4826-9C8F-D18C9B4156FC}"
EndProject
Project("{9A19103F-16F7-4668-BE54-9A1E7A4F7556}") = "NSE.Pagamentos.API", "src\Services\NSE.Pagamento.API\NSE.Pagamentos.API.csproj", "{04641FA0-901E-40EE-AED7-AE54EEC030F0}"
EndProject
Project("{9A19103F-16F7-4668-BE54-9A1E7A4F7556}") = "NSE.WebApp.MVCTeste", "src\Web\NSE.WebApp.MVCTeste\NSE.WebApp.MVCTeste.csproj", "{53C67545-262E-40D1-AB46-60ECD63927E2}"
EndProject
Project("{2150E333-8FDC-42A3-9474-1A3956D46DE8}") = "Services", "Services", "{70DDA348-6C5D-47AA-AC8E-EFDE4889F638}"
EndProject
Project("{9A19103F-16F7-4668-BE54-9A1E7A4F7556}") = "NSE.WebAPI.Core", "src\Building Blocks\NSE.WebAPI.Core\NSE.WebAPI.Core.csproj", "{FDC1C15F-FCE9-42E4-A04D-24A948F37B64}"
EndProject
Project("{2150E333-8FDC-42A3-9474-1A3956D46DE8}") = "MessageBus", "MessageBus", "{2106E97F-EC36-4A78-B7F0-535EFDD6F3D5}"
EndProject
Project("{9A19103F-16F7-4668-BE54-9A1E7A4F7556}") = "NSE.MessageBus", "src\Building Blocks\NSE.MessageBus\NSE.MessageBus\NSE.MessageBus.csproj", "{075FFDCE-3A70-4EE8-BF3B-CCED7CD67C33}"
EndProject
Project("{2150E333-8FDC-42A3-9474-1A3956D46DE8}") = "ApiGateways", "ApiGateways", "{05DC5BBA-F4EF-4F32-823E-FA35D2D5B14F}"
EndProject
Project("{2150E333-8FDC-42A3-9474-1A3956D46DE8}") = "Compras", "Compras", "{C7D3D0C4-4D76-400A-9B45-3B43BCB2E679}"
EndProject
Project("{9A19103F-16F7-4668-BE54-9A1E7A4F7556}") = "NSE.Bff.Compras", "src\ApiGateways\NSE.Bff.Compras\NSE.Bff.Compras.csproj", "{D80505E7-2CC2-43D5-BE0E-16E15F830289}"
EndProject
Project("{9A19103F-16F7-4668-BE54-9A1E7A4F7556}") = "NSE.Pedidos.API", "src\Services\NSE.Pedidos.API\NSE.Pedidos.API.csproj", "{8618F806-0DC1-49E3-8049-269848D5AE34}"
EndProject
Project("{9A19103F-16F7-4668-BE54-9A1E7A4F7556}") = "NSE.Pedidos.Domain", "src\Services\NSE.Pedidos.Domain\NSE.Pedidos.Domain.csproj", "{42D14BEC-2F30-4B02-B96E-E2FD59391931}"
EndProject
Project("{9A19103F-16F7-4668-BE54-9A1E7A4F7556}") = "NSE.Pedidos.Infra", "src\Services\NSE.Pedidos.Infra\NSE.Pedidos.Infra.csproj", "{F35FF4B6-30D1-48D7-A65B-75EFC82DF76E}"
EndProject
Project("{9A19103F-16F7-4668-BE54-9A1E7A4F7556}") = "NSE.Pagamentos.NerdsPag", "src\Services\NSE.Pagamentos.NerdsPag\NSE.Pagamentos.NerdsPag\NSE.Pagamentos.NerdsPag.csproj", "{0DF9A5BA-95B2-42F5-8418-AB8E5646A9FB}"
EndProject
Global
	GlobalSection(SolutionConfigurationPlatforms) = preSolution
		Debug|Any CPU = Debug|Any CPU
		Release|Any CPU = Release|Any CPU
	EndGlobalSection
	GlobalSection(ProjectConfigurationPlatforms) = postSolution
		{318B41C3-87F6-41BA-B3B1-7473863147FE}.Debug|Any CPU.ActiveCfg = Debug|Any CPU
		{318B41C3-87F6-41BA-B3B1-7473863147FE}.Debug|Any CPU.Build.0 = Debug|Any CPU
		{318B41C3-87F6-41BA-B3B1-7473863147FE}.Release|Any CPU.ActiveCfg = Release|Any CPU
		{318B41C3-87F6-41BA-B3B1-7473863147FE}.Release|Any CPU.Build.0 = Release|Any CPU
		{15465649-CF35-43AC-9171-A8FED10C6D70}.Debug|Any CPU.ActiveCfg = Debug|Any CPU
		{15465649-CF35-43AC-9171-A8FED10C6D70}.Debug|Any CPU.Build.0 = Debug|Any CPU
		{15465649-CF35-43AC-9171-A8FED10C6D70}.Release|Any CPU.ActiveCfg = Release|Any CPU
		{15465649-CF35-43AC-9171-A8FED10C6D70}.Release|Any CPU.Build.0 = Release|Any CPU
		{07523118-B7D7-440C-B033-934B2A33F5DB}.Debug|Any CPU.ActiveCfg = Debug|Any CPU
		{07523118-B7D7-440C-B033-934B2A33F5DB}.Debug|Any CPU.Build.0 = Debug|Any CPU
		{07523118-B7D7-440C-B033-934B2A33F5DB}.Release|Any CPU.ActiveCfg = Release|Any CPU
		{07523118-B7D7-440C-B033-934B2A33F5DB}.Release|Any CPU.Build.0 = Release|Any CPU
		{8BE2C6E6-0D96-4B3A-BEA0-605918480343}.Debug|Any CPU.ActiveCfg = Debug|Any CPU
		{8BE2C6E6-0D96-4B3A-BEA0-605918480343}.Debug|Any CPU.Build.0 = Debug|Any CPU
		{8BE2C6E6-0D96-4B3A-BEA0-605918480343}.Release|Any CPU.ActiveCfg = Release|Any CPU
		{8BE2C6E6-0D96-4B3A-BEA0-605918480343}.Release|Any CPU.Build.0 = Release|Any CPU
		{9DFF647B-A175-4528-ADD6-6D05998C6048}.Debug|Any CPU.ActiveCfg = Debug|Any CPU
		{9DFF647B-A175-4528-ADD6-6D05998C6048}.Debug|Any CPU.Build.0 = Debug|Any CPU
		{9DFF647B-A175-4528-ADD6-6D05998C6048}.Release|Any CPU.ActiveCfg = Release|Any CPU
		{9DFF647B-A175-4528-ADD6-6D05998C6048}.Release|Any CPU.Build.0 = Release|Any CPU
		{C4FFA549-B558-4826-9C8F-D18C9B4156FC}.Debug|Any CPU.ActiveCfg = Debug|Any CPU
		{C4FFA549-B558-4826-9C8F-D18C9B4156FC}.Debug|Any CPU.Build.0 = Debug|Any CPU
		{C4FFA549-B558-4826-9C8F-D18C9B4156FC}.Release|Any CPU.ActiveCfg = Release|Any CPU
		{C4FFA549-B558-4826-9C8F-D18C9B4156FC}.Release|Any CPU.Build.0 = Release|Any CPU
		{04641FA0-901E-40EE-AED7-AE54EEC030F0}.Debug|Any CPU.ActiveCfg = Debug|Any CPU
		{04641FA0-901E-40EE-AED7-AE54EEC030F0}.Debug|Any CPU.Build.0 = Debug|Any CPU
		{04641FA0-901E-40EE-AED7-AE54EEC030F0}.Release|Any CPU.ActiveCfg = Release|Any CPU
		{04641FA0-901E-40EE-AED7-AE54EEC030F0}.Release|Any CPU.Build.0 = Release|Any CPU
		{53C67545-262E-40D1-AB46-60ECD63927E2}.Debug|Any CPU.ActiveCfg = Debug|Any CPU
		{53C67545-262E-40D1-AB46-60ECD63927E2}.Debug|Any CPU.Build.0 = Debug|Any CPU
		{53C67545-262E-40D1-AB46-60ECD63927E2}.Release|Any CPU.ActiveCfg = Release|Any CPU
		{53C67545-262E-40D1-AB46-60ECD63927E2}.Release|Any CPU.Build.0 = Release|Any CPU
		{FDC1C15F-FCE9-42E4-A04D-24A948F37B64}.Debug|Any CPU.ActiveCfg = Debug|Any CPU
		{FDC1C15F-FCE9-42E4-A04D-24A948F37B64}.Debug|Any CPU.Build.0 = Debug|Any CPU
		{FDC1C15F-FCE9-42E4-A04D-24A948F37B64}.Release|Any CPU.ActiveCfg = Release|Any CPU
		{FDC1C15F-FCE9-42E4-A04D-24A948F37B64}.Release|Any CPU.Build.0 = Release|Any CPU
		{075FFDCE-3A70-4EE8-BF3B-CCED7CD67C33}.Debug|Any CPU.ActiveCfg = Debug|Any CPU
		{075FFDCE-3A70-4EE8-BF3B-CCED7CD67C33}.Debug|Any CPU.Build.0 = Debug|Any CPU
		{075FFDCE-3A70-4EE8-BF3B-CCED7CD67C33}.Release|Any CPU.ActiveCfg = Release|Any CPU
		{075FFDCE-3A70-4EE8-BF3B-CCED7CD67C33}.Release|Any CPU.Build.0 = Release|Any CPU
		{D80505E7-2CC2-43D5-BE0E-16E15F830289}.Debug|Any CPU.ActiveCfg = Debug|Any CPU
		{D80505E7-2CC2-43D5-BE0E-16E15F830289}.Debug|Any CPU.Build.0 = Debug|Any CPU
		{D80505E7-2CC2-43D5-BE0E-16E15F830289}.Release|Any CPU.ActiveCfg = Release|Any CPU
		{D80505E7-2CC2-43D5-BE0E-16E15F830289}.Release|Any CPU.Build.0 = Release|Any CPU
		{8618F806-0DC1-49E3-8049-269848D5AE34}.Debug|Any CPU.ActiveCfg = Debug|Any CPU
		{8618F806-0DC1-49E3-8049-269848D5AE34}.Debug|Any CPU.Build.0 = Debug|Any CPU
		{8618F806-0DC1-49E3-8049-269848D5AE34}.Release|Any CPU.ActiveCfg = Release|Any CPU
		{8618F806-0DC1-49E3-8049-269848D5AE34}.Release|Any CPU.Build.0 = Release|Any CPU
		{42D14BEC-2F30-4B02-B96E-E2FD59391931}.Debug|Any CPU.ActiveCfg = Debug|Any CPU
		{42D14BEC-2F30-4B02-B96E-E2FD59391931}.Debug|Any CPU.Build.0 = Debug|Any CPU
		{42D14BEC-2F30-4B02-B96E-E2FD59391931}.Release|Any CPU.ActiveCfg = Release|Any CPU
		{42D14BEC-2F30-4B02-B96E-E2FD59391931}.Release|Any CPU.Build.0 = Release|Any CPU
		{F35FF4B6-30D1-48D7-A65B-75EFC82DF76E}.Debug|Any CPU.ActiveCfg = Debug|Any CPU
		{F35FF4B6-30D1-48D7-A65B-75EFC82DF76E}.Debug|Any CPU.Build.0 = Debug|Any CPU
		{F35FF4B6-30D1-48D7-A65B-75EFC82DF76E}.Release|Any CPU.ActiveCfg = Release|Any CPU
		{F35FF4B6-30D1-48D7-A65B-75EFC82DF76E}.Release|Any CPU.Build.0 = Release|Any CPU
		{0DF9A5BA-95B2-42F5-8418-AB8E5646A9FB}.Debug|Any CPU.ActiveCfg = Debug|Any CPU
		{0DF9A5BA-95B2-42F5-8418-AB8E5646A9FB}.Debug|Any CPU.Build.0 = Debug|Any CPU
		{0DF9A5BA-95B2-42F5-8418-AB8E5646A9FB}.Release|Any CPU.ActiveCfg = Release|Any CPU
		{0DF9A5BA-95B2-42F5-8418-AB8E5646A9FB}.Release|Any CPU.Build.0 = Release|Any CPU
	EndGlobalSection
	GlobalSection(SolutionProperties) = preSolution
		HideSolutionNode = FALSE
	EndGlobalSection
	GlobalSection(NestedProjects) = preSolution
		{114E98C6-9559-4193-8E24-955115B40681} = {2CA4F8BA-0295-4EDA-8151-713AF3321CA5}
		{9F78A8B7-F557-42DD-8694-B5E2DFE5DE03} = {2CA4F8BA-0295-4EDA-8151-713AF3321CA5}
		{AD34E3A9-C4F4-4E65-8758-9C3EA7C149F9} = {2CA4F8BA-0295-4EDA-8151-713AF3321CA5}
		{44965033-4F17-4453-9D48-E75B390428AE} = {9F78A8B7-F557-42DD-8694-B5E2DFE5DE03}
		{318B41C3-87F6-41BA-B3B1-7473863147FE} = {44965033-4F17-4453-9D48-E75B390428AE}
		{24CD4297-83B2-4E19-8DFE-46AA73B3DC5C} = {AD34E3A9-C4F4-4E65-8758-9C3EA7C149F9}
		{15465649-CF35-43AC-9171-A8FED10C6D70} = {24CD4297-83B2-4E19-8DFE-46AA73B3DC5C}
		{C86EBA79-3EAE-4328-9B12-BA449A95EF72} = {114E98C6-9559-4193-8E24-955115B40681}
		{07523118-B7D7-440C-B033-934B2A33F5DB} = {C86EBA79-3EAE-4328-9B12-BA449A95EF72}
		{94FFBC59-D809-4AE6-B5A7-03D974D52580} = {9F78A8B7-F557-42DD-8694-B5E2DFE5DE03}
		{1D0E39CA-69A7-49D1-AF3D-CD1D086E4DF9} = {9F78A8B7-F557-42DD-8694-B5E2DFE5DE03}
		{0D130922-0AF9-4954-84FD-622FB29892A8} = {9F78A8B7-F557-42DD-8694-B5E2DFE5DE03}
		{94B05283-1525-4583-A39A-F51F601AB3D5} = {9F78A8B7-F557-42DD-8694-B5E2DFE5DE03}
		{05DD3801-2A48-4796-B102-DC80D7215B9F} = {9F78A8B7-F557-42DD-8694-B5E2DFE5DE03}
		{8BE2C6E6-0D96-4B3A-BEA0-605918480343} = {0D130922-0AF9-4954-84FD-622FB29892A8}
		{9DFF647B-A175-4528-ADD6-6D05998C6048} = {94B05283-1525-4583-A39A-F51F601AB3D5}
		{C4FFA549-B558-4826-9C8F-D18C9B4156FC} = {1D0E39CA-69A7-49D1-AF3D-CD1D086E4DF9}
		{04641FA0-901E-40EE-AED7-AE54EEC030F0} = {05DD3801-2A48-4796-B102-DC80D7215B9F}
		{53C67545-262E-40D1-AB46-60ECD63927E2} = {24CD4297-83B2-4E19-8DFE-46AA73B3DC5C}
		{70DDA348-6C5D-47AA-AC8E-EFDE4889F638} = {114E98C6-9559-4193-8E24-955115B40681}
		{FDC1C15F-FCE9-42E4-A04D-24A948F37B64} = {70DDA348-6C5D-47AA-AC8E-EFDE4889F638}
		{2106E97F-EC36-4A78-B7F0-535EFDD6F3D5} = {114E98C6-9559-4193-8E24-955115B40681}
		{075FFDCE-3A70-4EE8-BF3B-CCED7CD67C33} = {2106E97F-EC36-4A78-B7F0-535EFDD6F3D5}
		{05DC5BBA-F4EF-4F32-823E-FA35D2D5B14F} = {2CA4F8BA-0295-4EDA-8151-713AF3321CA5}
		{C7D3D0C4-4D76-400A-9B45-3B43BCB2E679} = {05DC5BBA-F4EF-4F32-823E-FA35D2D5B14F}
		{D80505E7-2CC2-43D5-BE0E-16E15F830289} = {C7D3D0C4-4D76-400A-9B45-3B43BCB2E679}
		{8618F806-0DC1-49E3-8049-269848D5AE34} = {94FFBC59-D809-4AE6-B5A7-03D974D52580}
		{42D14BEC-2F30-4B02-B96E-E2FD59391931} = {94FFBC59-D809-4AE6-B5A7-03D974D52580}
		{F35FF4B6-30D1-48D7-A65B-75EFC82DF76E} = {94FFBC59-D809-4AE6-B5A7-03D974D52580}
		{0DF9A5BA-95B2-42F5-8418-AB8E5646A9FB} = {05DD3801-2A48-4796-B102-DC80D7215B9F}
	EndGlobalSection
	GlobalSection(ExtensibilityGlobals) = postSolution
		SolutionGuid = {410E3212-BB65-48A9-9071-B5BCE629C780}
	EndGlobalSection
EndGlobal
